
Microsoft Visual Studio Solution File, Format Version 12.00
# Visual Studio Version 16
VisualStudioVersion = 16.0.31112.23
MinimumVisualStudioVersion = 10.0.40219.1
Project("{FAE04EC0-301F-11D3-BF4B-00C04F79EFBC}") = "RaceCars", "RaceCars\RaceCars.csproj", "{939E66C5-4FF8-402B-AC0B-F25BF287385F}"
EndProject
Global
	GlobalSection(SolutionConfigurationPlatforms) = preSolution
		Debug|Any CPU = Debug|Any CPU
		Release|Any CPU = Release|Any CPU
	EndGlobalSection
	GlobalSection(ProjectConfigurationPlatforms) = postSolution
		{939E66C5-4FF8-402B-AC0B-F25BF287385F}.Debug|Any CPU.ActiveCfg = Debug|Any CPU
		{939E66C5-4FF8-402B-AC0B-F25BF287385F}.Debug|Any CPU.Build.0 = Debug|Any CPU
		{939E66C5-4FF8-402B-AC0B-F25BF287385F}.Release|Any CPU.ActiveCfg = Release|Any CPU
		{939E66C5-4FF8-402B-AC0B-F25BF287385F}.Release|Any CPU.Build.0 = Release|Any CPU
	EndGlobalSection
	GlobalSection(SolutionProperties) = preSolution
		HideSolutionNode = FALSE
	EndGlobalSection
	GlobalSection(ExtensibilityGlobals) = postSolution
		SolutionGuid = {1B9B98C0-B40F-4A5B-9FC0-10D15C29A715}
	EndGlobalSection
EndGlobal
